
Microsoft Visual Studio Solution File, Format Version 12.00
# Visual Studio 2012
Project("{FAE04EC0-301F-11D3-BF4B-00C04F79EFBC}") = "XAMLToolkit.WPF.Demo", "XAMLToolkit.WPF.Demo\XAMLToolkit.WPF.Demo.csproj", "{2ED0612C-46CC-4136-A444-D4DBDA93CC61}"
EndProject
Global
	GlobalSection(SolutionConfigurationPlatforms) = preSolution
		Debug|Any CPU = Debug|Any CPU
		Release|Any CPU = Release|Any CPU
	EndGlobalSection
	GlobalSection(ProjectConfigurationPlatforms) = postSolution
		{2ED0612C-46CC-4136-A444-D4DBDA93CC61}.Debug|Any CPU.ActiveCfg = Debug|Any CPU
		{2ED0612C-46CC-4136-A444-D4DBDA93CC61}.Debug|Any CPU.Build.0 = Debug|Any CPU
		{2ED0612C-46CC-4136-A444-D4DBDA93CC61}.Release|Any CPU.ActiveCfg = Release|Any CPU
		{2ED0612C-46CC-4136-A444-D4DBDA93CC61}.Release|Any CPU.Build.0 = Release|Any CPU
	EndGlobalSection
	GlobalSection(SolutionProperties) = preSolution
		HideSolutionNode = FALSE
	EndGlobalSection
EndGlobal
